
Microsoft Visual Studio Solution File, Format Version 12.00
# Visual Studio Version 17
VisualStudioVersion = 17.0.31903.59
MinimumVisualStudioVersion = 10.0.40219.1
Project("{2150E333-8FDC-42A3-9474-1A3956D46DE8}") = "src", "src", "{827E0CD3-B72D-47B6-A68D-7590B98EB39B}"
EndProject
Project("{FAE04EC0-301F-11D3-BF4B-00C04F79EFBC}") = "Betcco.Domain", "src\Betcco.Domain\Betcco.Domain.csproj", "{9BECF89A-D067-4838-A9A2-4E36161437C4}"
EndProject
Project("{FAE04EC0-301F-11D3-BF4B-00C04F79EFBC}") = "Betcco.Application", "src\Betcco.Application\Betcco.Application.csproj", "{0EA46B32-360B-4658-9B45-DCA3D4F04523}"
EndProject
Project("{FAE04EC0-301F-11D3-BF4B-00C04F79EFBC}") = "Betcco.Infrastructure", "src\Betcco.Infrastructure\Betcco.Infrastructure.csproj", "{BCA5F179-DC20-4B2A-97EB-3BEAE5EEA267}"
EndProject
Project("{FAE04EC0-301F-11D3-BF4B-00C04F79EFBC}") = "Betcco.Api", "src\Betcco.Api\Betcco.Api.csproj", "{C6507ADA-C151-4990-B8C7-4845932C9F7F}"
EndProject
Project("{2150E333-8FDC-42A3-9474-1A3956D46DE8}") = "tests", "tests", "{0AB3BF05-4346-4AA6-1389-037BE0695223}"
EndProject
Project("{FAE04EC0-301F-11D3-BF4B-00C04F79EFBC}") = "Betcco.UnitTests", "tests\Betcco.UnitTests\Betcco.UnitTests.csproj", "{0F27FAD8-BAF1-4F3D-BAD7-9B4F75BCDC05}"
EndProject
Project("{FAE04EC0-301F-11D3-BF4B-00C04F79EFBC}") = "Betcco.IntegrationTests", "tests\Betcco.IntegrationTests\Betcco.IntegrationTests.csproj", "{66D25429-3E68-455F-A459-DBD6FDCE265E}"
EndProject
Global
	GlobalSection(SolutionConfigurationPlatforms) = preSolution
		Debug|Any CPU = Debug|Any CPU
		Debug|x64 = Debug|x64
		Debug|x86 = Debug|x86
		Release|Any CPU = Release|Any CPU
		Release|x64 = Release|x64
		Release|x86 = Release|x86
	EndGlobalSection
	GlobalSection(ProjectConfigurationPlatforms) = postSolution
		{9BECF89A-D067-4838-A9A2-4E36161437C4}.Debug|Any CPU.ActiveCfg = Debug|Any CPU
		{9BECF89A-D067-4838-A9A2-4E36161437C4}.Debug|Any CPU.Build.0 = Debug|Any CPU
		{9BECF89A-D067-4838-A9A2-4E36161437C4}.Debug|x64.ActiveCfg = Debug|Any CPU
		{9BECF89A-D067-4838-A9A2-4E36161437C4}.Debug|x64.Build.0 = Debug|Any CPU
		{9BECF89A-D067-4838-A9A2-4E36161437C4}.Debug|x86.ActiveCfg = Debug|Any CPU
		{9BECF89A-D067-4838-A9A2-4E36161437C4}.Debug|x86.Build.0 = Debug|Any CPU
		{9BECF89A-D067-4838-A9A2-4E36161437C4}.Release|Any CPU.ActiveCfg = Release|Any CPU
		{9BECF89A-D067-4838-A9A2-4E36161437C4}.Release|Any CPU.Build.0 = Release|Any CPU
		{9BECF89A-D067-4838-A9A2-4E36161437C4}.Release|x64.ActiveCfg = Release|Any CPU
		{9BECF89A-D067-4838-A9A2-4E36161437C4}.Release|x64.Build.0 = Release|Any CPU
		{9BECF89A-D067-4838-A9A2-4E36161437C4}.Release|x86.ActiveCfg = Release|Any CPU
		{9BECF89A-D067-4838-A9A2-4E36161437C4}.Release|x86.Build.0 = Release|Any CPU
		{0EA46B32-360B-4658-9B45-DCA3D4F04523}.Debug|Any CPU.ActiveCfg = Debug|Any CPU
		{0EA46B32-360B-4658-9B45-DCA3D4F04523}.Debug|Any CPU.Build.0 = Debug|Any CPU
		{0EA46B32-360B-4658-9B45-DCA3D4F04523}.Debug|x64.ActiveCfg = Debug|Any CPU
		{0EA46B32-360B-4658-9B45-DCA3D4F04523}.Debug|x64.Build.0 = Debug|Any CPU
		{0EA46B32-360B-4658-9B45-DCA3D4F04523}.Debug|x86.ActiveCfg = Debug|Any CPU
		{0EA46B32-360B-4658-9B45-DCA3D4F04523}.Debug|x86.Build.0 = Debug|Any CPU
		{0EA46B32-360B-4658-9B45-DCA3D4F04523}.Release|Any CPU.ActiveCfg = Release|Any CPU
		{0EA46B32-360B-4658-9B45-DCA3D4F04523}.Release|Any CPU.Build.0 = Release|Any CPU
		{0EA46B32-360B-4658-9B45-DCA3D4F04523}.Release|x64.ActiveCfg = Release|Any CPU
		{0EA46B32-360B-4658-9B45-DCA3D4F04523}.Release|x64.Build.0 = Release|Any CPU
		{0EA46B32-360B-4658-9B45-DCA3D4F04523}.Release|x86.ActiveCfg = Release|Any CPU
		{0EA46B32-360B-4658-9B45-DCA3D4F04523}.Release|x86.Build.0 = Release|Any CPU
		{BCA5F179-DC20-4B2A-97EB-3BEAE5EEA267}.Debug|Any CPU.ActiveCfg = Debug|Any CPU
		{BCA5F179-DC20-4B2A-97EB-3BEAE5EEA267}.Debug|Any CPU.Build.0 = Debug|Any CPU
		{BCA5F179-DC20-4B2A-97EB-3BEAE5EEA267}.Debug|x64.ActiveCfg = Debug|Any CPU
		{BCA5F179-DC20-4B2A-97EB-3BEAE5EEA267}.Debug|x64.Build.0 = Debug|Any CPU
		{BCA5F179-DC20-4B2A-97EB-3BEAE5EEA267}.Debug|x86.ActiveCfg = Debug|Any CPU
		{BCA5F179-DC20-4B2A-97EB-3BEAE5EEA267}.Debug|x86.Build.0 = Debug|Any CPU
		{BCA5F179-DC20-4B2A-97EB-3BEAE5EEA267}.Release|Any CPU.ActiveCfg = Release|Any CPU
		{BCA5F179-DC20-4B2A-97EB-3BEAE5EEA267}.Release|Any CPU.Build.0 = Release|Any CPU
		{BCA5F179-DC20-4B2A-97EB-3BEAE5EEA267}.Release|x64.ActiveCfg = Release|Any CPU
		{BCA5F179-DC20-4B2A-97EB-3BEAE5EEA267}.Release|x64.Build.0 = Release|Any CPU
		{BCA5F179-DC20-4B2A-97EB-3BEAE5EEA267}.Release|x86.ActiveCfg = Release|Any CPU
		{BCA5F179-DC20-4B2A-97EB-3BEAE5EEA267}.Release|x86.Build.0 = Release|Any CPU
		{C6507ADA-C151-4990-B8C7-4845932C9F7F}.Debug|Any CPU.ActiveCfg = Debug|Any CPU
		{C6507ADA-C151-4990-B8C7-4845932C9F7F}.Debug|Any CPU.Build.0 = Debug|Any CPU
		{C6507ADA-C151-4990-B8C7-4845932C9F7F}.Debug|x64.ActiveCfg = Debug|Any CPU
		{C6507ADA-C151-4990-B8C7-4845932C9F7F}.Debug|x64.Build.0 = Debug|Any CPU
		{C6507ADA-C151-4990-B8C7-4845932C9F7F}.Debug|x86.ActiveCfg = Debug|Any CPU
		{C6507ADA-C151-4990-B8C7-4845932C9F7F}.Debug|x86.Build.0 = Debug|Any CPU
		{C6507ADA-C151-4990-B8C7-4845932C9F7F}.Release|Any CPU.ActiveCfg = Release|Any CPU
		{C6507ADA-C151-4990-B8C7-4845932C9F7F}.Release|Any CPU.Build.0 = Release|Any CPU
		{C6507ADA-C151-4990-B8C7-4845932C9F7F}.Release|x64.ActiveCfg = Release|Any CPU
		{C6507ADA-C151-4990-B8C7-4845932C9F7F}.Release|x64.Build.0 = Release|Any CPU
		{C6507ADA-C151-4990-B8C7-4845932C9F7F}.Release|x86.ActiveCfg = Release|Any CPU
		{C6507ADA-C151-4990-B8C7-4845932C9F7F}.Release|x86.Build.0 = Release|Any CPU
		{0F27FAD8-BAF1-4F3D-BAD7-9B4F75BCDC05}.Debug|Any CPU.ActiveCfg = Debug|Any CPU
		{0F27FAD8-BAF1-4F3D-BAD7-9B4F75BCDC05}.Debug|Any CPU.Build.0 = Debug|Any CPU
		{0F27FAD8-BAF1-4F3D-BAD7-9B4F75BCDC05}.Debug|x64.ActiveCfg = Debug|Any CPU
		{0F27FAD8-BAF1-4F3D-BAD7-9B4F75BCDC05}.Debug|x64.Build.0 = Debug|Any CPU
		{0F27FAD8-BAF1-4F3D-BAD7-9B4F75BCDC05}.Debug|x86.ActiveCfg = Debug|Any CPU
		{0F27FAD8-BAF1-4F3D-BAD7-9B4F75BCDC05}.Debug|x86.Build.0 = Debug|Any CPU
		{0F27FAD8-BAF1-4F3D-BAD7-9B4F75BCDC05}.Release|Any CPU.ActiveCfg = Release|Any CPU
		{0F27FAD8-BAF1-4F3D-BAD7-9B4F75BCDC05}.Release|Any CPU.Build.0 = Release|Any CPU
		{0F27FAD8-BAF1-4F3D-BAD7-9B4F75BCDC05}.Release|x64.ActiveCfg = Release|Any CPU
		{0F27FAD8-BAF1-4F3D-BAD7-9B4F75BCDC05}.Release|x64.Build.0 = Release|Any CPU
		{0F27FAD8-BAF1-4F3D-BAD7-9B4F75BCDC05}.Release|x86.ActiveCfg = Release|Any CPU
		{0F27FAD8-BAF1-4F3D-BAD7-9B4F75BCDC05}.Release|x86.Build.0 = Release|Any CPU
		{66D25429-3E68-455F-A459-DBD6FDCE265E}.Debug|Any CPU.ActiveCfg = Debug|Any CPU
		{66D25429-3E68-455F-A459-DBD6FDCE265E}.Debug|Any CPU.Build.0 = Debug|Any CPU
		{66D25429-3E68-455F-A459-DBD6FDCE265E}.Debug|x64.ActiveCfg = Debug|Any CPU
		{66D25429-3E68-455F-A459-DBD6FDCE265E}.Debug|x64.Build.0 = Debug|Any CPU
		{66D25429-3E68-455F-A459-DBD6FDCE265E}.Debug|x86.ActiveCfg = Debug|Any CPU
		{66D25429-3E68-455F-A459-DBD6FDCE265E}.Debug|x86.Build.0 = Debug|Any CPU
		{66D25429-3E68-455F-A459-DBD6FDCE265E}.Release|Any CPU.ActiveCfg = Release|Any CPU
		{66D25429-3E68-455F-A459-DBD6FDCE265E}.Release|Any CPU.Build.0 = Release|Any CPU
		{66D25429-3E68-455F-A459-DBD6FDCE265E}.Release|x64.ActiveCfg = Release|Any CPU
		{66D25429-3E68-455F-A459-DBD6FDCE265E}.Release|x64.Build.0 = Release|Any CPU
		{66D25429-3E68-455F-A459-DBD6FDCE265E}.Release|x86.ActiveCfg = Release|Any CPU
		{66D25429-3E68-455F-A459-DBD6FDCE265E}.Release|x86.Build.0 = Release|Any CPU
	EndGlobalSection
	GlobalSection(SolutionProperties) = preSolution
		HideSolutionNode = FALSE
	EndGlobalSection
	GlobalSection(NestedProjects) = preSolution
		{9BECF89A-D067-4838-A9A2-4E36161437C4} = {827E0CD3-B72D-47B6-A68D-7590B98EB39B}
		{0EA46B32-360B-4658-9B45-DCA3D4F04523} = {827E0CD3-B72D-47B6-A68D-7590B98EB39B}
		{BCA5F179-DC20-4B2A-97EB-3BEAE5EEA267} = {827E0CD3-B72D-47B6-A68D-7590B98EB39B}
		{C6507ADA-C151-4990-B8C7-4845932C9F7F} = {827E0CD3-B72D-47B6-A68D-7590B98EB39B}
		{0F27FAD8-BAF1-4F3D-BAD7-9B4F75BCDC05} = {0AB3BF05-4346-4AA6-1389-037BE0695223}
		{66D25429-3E68-455F-A459-DBD6FDCE265E} = {0AB3BF05-4346-4AA6-1389-037BE0695223}
	EndGlobalSection
EndGlobal
